
Microsoft Visual Studio Solution File, Format Version 12.00
# Visual Studio 2013
VisualStudioVersion = 12.0.21005.1
MinimumVisualStudioVersion = 10.0.40219.1
Project("{FAE04EC0-301F-11D3-BF4B-00C04F79EFBC}") = "ExePathDemo_Call", "ExePathDemo_Call\ExePathDemo_Call.csproj", "{5220729C-E189-4CFA-9D62-EBFC8BA4AB48}"
EndProject
Project("{FAE04EC0-301F-11D3-BF4B-00C04F79EFBC}") = "ExePath", "ExePath\ExePath.csproj", "{6AEE1375-B829-4A13-AE76-4E80393C1651}"
EndProject
Global
	GlobalSection(SolutionConfigurationPlatforms) = preSolution
		Debug|Any CPU = Debug|Any CPU
		Release|Any CPU = Release|Any CPU
	EndGlobalSection
	GlobalSection(ProjectConfigurationPlatforms) = postSolution
		{5220729C-E189-4CFA-9D62-EBFC8BA4AB48}.Debug|Any CPU.ActiveCfg = Debug|Any CPU
		{5220729C-E189-4CFA-9D62-EBFC8BA4AB48}.Debug|Any CPU.Build.0 = Debug|Any CPU
		{5220729C-E189-4CFA-9D62-EBFC8BA4AB48}.Release|Any CPU.ActiveCfg = Release|Any CPU
		{5220729C-E189-4CFA-9D62-EBFC8BA4AB48}.Release|Any CPU.Build.0 = Release|Any CPU
		{6AEE1375-B829-4A13-AE76-4E80393C1651}.Debug|Any CPU.ActiveCfg = Debug|Any CPU
		{6AEE1375-B829-4A13-AE76-4E80393C1651}.Debug|Any CPU.Build.0 = Debug|Any CPU
		{6AEE1375-B829-4A13-AE76-4E80393C1651}.Release|Any CPU.ActiveCfg = Release|Any CPU
		{6AEE1375-B829-4A13-AE76-4E80393C1651}.Release|Any CPU.Build.0 = Release|Any CPU
	EndGlobalSection
	GlobalSection(SolutionProperties) = preSolution
		HideSolutionNode = FALSE
	EndGlobalSection
EndGlobal
